schema: '2.0'
stages:
  split:
    cmd: python split.py sentences.csv sentences-train.csv sentences-test.csv
    deps:
    - path: sentences.csv
      md5: 1a36c3b7eab5b63d89ac20ffadb0bd88
      size: 11684
    - path: split.py
      md5: f8a2dd1570477961f91b4efa29d97324
      size: 1332
    params:
      params.yaml:
        prepare.batch_size: 382
        prepare.epochs: 99
        prepare.layers: 2
        prepare.learning_rate: 0.1222
        prepare.trees: 80
    outs:
    - path: sentences-test.csv
      md5: 29c2d044d4dc7919b711c677454e943b
      size: 2054
    - path: sentences-train.csv
      md5: 5a823fd6ebed3c23e6ced67db2621538
      size: 9630
  featurize:
    cmd: python featurize.py sentences-train.csv sentences-train-feats.csv
    deps:
    - path: featurize.py
      md5: 88aa3d8598f62af5674fcd363d209ff3
      size: 709
    - path: sentences-train.csv
      md5: 5a823fd6ebed3c23e6ced67db2621538
      size: 9630
    outs:
    - path: sentences-train-feats.csv
      md5: e66b91b3798e341d1f41c6a50f461819
      size: 47
  train:
    cmd: python train.py sentences-train-feats.csv model.json
    deps:
    - path: sentences-train-feats.csv
      md5: e66b91b3798e341d1f41c6a50f461819
      size: 47
    - path: train.py
      md5: 2e8a4e9de31c672b2b705823471091ce
      size: 1664
    params:
      params.yaml:
        concurrent.batch_size: 95
        concurrent.columns: 52
        concurrent.layers: 6
        concurrent.min_split: 28
        concurrent.sample: 0.93962
        model.drop: 0.17023
        model.max_features: 2239
        model.min_features: 101
        tagging.batch_size: 127
        tagging.columns: 12
        tagging.drop: 0.32663
        tagging.features: 3986
        tagging.tags: 143
        validation.columns: 23
        validation.dense: 168
    outs:
    - path: model.json
      md5: 5a1c3f2a23c80935d62d5e54d316aa33
      size: 617
  evaluate:
    cmd: python evaluate.py model.json sentences-test.csv
    deps:
    - path: evaluate.py
      md5: 0b8abd39fd11e46f6623ce4d540a7340
      size: 42000
    - path: model.json
      md5: 5a1c3f2a23c80935d62d5e54d316aa33
      size: 617
    - path: sentences-test.csv
      md5: 29c2d044d4dc7919b711c677454e943b
      size: 2054
    outs:
    - path: metrics.json
      md5: fe69a37ab21fbadfedcc4e55ae9de1ce
      size: 520
