schema: '2.0'
stages:
  split:
    cmd: python split.py sentences.csv sentences-train.csv sentences-test.csv
    deps:
    - path: sentences.csv
      md5: 665ea3edab9057279478bc3d2339c575
      size: 13257
    - path: split.py
      md5: f8a2dd1570477961f91b4efa29d97324
      size: 1332
    params:
      params.yaml:
        prepare.batch_size: 323
        prepare.epochs: 61
        prepare.layers: 2
        prepare.learning_rate: 0.09147
        prepare.trees: 81
    outs:
    - path: sentences-test.csv
      md5: 25c263dbb808addc4e209a7c472f5575
      size: 2430
    - path: sentences-train.csv
      md5: 400b74b46e5e70af5ff361c8f123831e
      size: 10827
  featurize:
    cmd: python featurize.py sentences-train.csv sentences-train-feats.csv
    deps:
    - path: featurize.py
      md5: 4114a56f3924baf922ed51d961e0e17b
      size: 710
    - path: sentences-train.csv
      md5: 400b74b46e5e70af5ff361c8f123831e
      size: 10827
    outs:
    - path: sentences-train-feats.csv
      md5: 2dc6843dfb3a5bdeda39e22738ed9d44
      size: 48
  train:
    cmd: python train.py sentences-train-feats.csv model.json
    deps:
    - path: sentences-train-feats.csv
      md5: 2dc6843dfb3a5bdeda39e22738ed9d44
      size: 48
    - path: train.py
      md5: 13586f3d0c52c72886b1ff32c93a4ced
      size: 1666
    params:
      params.yaml:
        concurrent.batch_size: 95
        concurrent.columns: 79
        concurrent.layers: 4
        concurrent.min_split: 28
        concurrent.sample: 0.86317
        model.drop: 0.15838
        model.max_features: 2239
        model.min_features: 101
        tagging.batch_size: 162
        tagging.columns: 17
        tagging.drop: 0.32663
        tagging.features: 3346
        tagging.tags: 143
        validation.columns: 34
        validation.dense: 168
    outs:
    - path: model.json
      md5: 20cd9806f2d00ce4d6a803388fde8e5d
      size: 618
  evaluate:
    cmd: python evaluate.py model.json sentences-test.csv
    deps:
    - path: evaluate.py
      md5: 0b8abd39fd11e46f6623ce4d540a7340
      size: 42000
    - path: model.json
      md5: 20cd9806f2d00ce4d6a803388fde8e5d
      size: 618
    - path: sentences-test.csv
      md5: 25c263dbb808addc4e209a7c472f5575
      size: 2430
    outs:
    - path: metrics.json
      md5: b28f4525f0306f6df3b09c9aa56a8174
      size: 522
