schema: '2.0'
stages:
  split:
    cmd: python split.py phrases.csv phrases-train.csv phrases-test.csv
    deps:
    - path: phrases.csv
      md5: 5d4c22a0ee96de448588f8d77d52340d
      size: 6473
    - path: split.py
      md5: 0f14e81e915068c6a28134833112408a
      size: 717
    outs:
    - path: phrases-test.csv
      md5: 19bb21059175dd0911e6b148eb586b34
      size: 1334
    - path: phrases-train.csv
      md5: 72af4ac452a61d4c1b408b57ec9c1053
      size: 5139
  featurize:
    cmd: python featurize.py phrases-train.csv phrases-train-feats.csv
    deps:
    - path: featurize.py
      md5: d5ee8ba4e98d42abb22471c3bb22c5d6
      size: 1362
    - path: phrases-train.csv
      md5: 72af4ac452a61d4c1b408b57ec9c1053
      size: 5139
    params:
      params.yaml:
        featurize.min_split: 12
        featurize.random_state: 17441692
        featurize.sample: 0.92312
        featurize.split: 0.19544
        featurize.tags: 110
        featurize.trees: 15
    outs:
    - path: phrases-train-feats.csv
      md5: 987bd8608d2f9582fe344fe46f56ff87
      size: 283
  train:
    cmd: python train.py phrases-train-feats.csv model.json
    deps:
    - path: phrases-train-feats.csv
      md5: 987bd8608d2f9582fe344fe46f56ff87
      size: 283
    - path: train.py
      md5: 939b496994c00d5337d064d586f7df10
      size: 1846
    params:
      params.yaml:
        concurrent.dense: 604
        concurrent.estimators: 137
        concurrent.seed: 895714802
        concurrent.trees: 43
        model.dense: 346
        model.max_features: 442
        model.num_est: 91
        model.random_state: 771416303
        preprocessing.dense: 402
        preprocessing.epochs: 42
        preprocessing.folds: 13
        preprocessing.max_depth: 21
        preprocessing.max_features: 3240
        preprocessing.random_state: 286295522
        preprocessing.split: 0.5734
        variables.min_features: 1971
        variables.min_split: 74
        variables.tags: 24
        variables.trees: 86
    outs:
    - path: model.json
      md5: 18bd095752e90ed53391c3b6c08df5b1
      size: 1051
  evaluate:
    cmd: python evaluate.py model.json phrases-test.csv
    deps:
    - path: evaluate.py
      md5: 22d39f4c9e60e756ec162c6581ae8a49
      size: 41885
    - path: model.json
      md5: 18bd095752e90ed53391c3b6c08df5b1
      size: 1051
    - path: phrases-test.csv
      md5: 19bb21059175dd0911e6b148eb586b34
      size: 1334
    outs:
    - path: metrics.json
      md5: 17f3a0898ae594b5e0ad3d86ea3a55e7
      size: 356
