schema: '2.0'
stages:
  split:
    cmd: python split.py phrases.csv phrases-train.csv phrases-test.csv
    deps:
    - path: phrases.csv
      md5: 089b2a988918cfc2e2244597b22753a6
      size: 7997
    - path: split.py
      md5: 883aa9804fbafdf78198531ef0f774f1
      size: 720
    outs:
    - path: phrases-test.csv
      md5: 84d2b2bdbd138879e4dd65f5109b8a78
      size: 1630
    - path: phrases-train.csv
      md5: ac62f21622dc24eec3618217454f55e4
      size: 6367
  featurize:
    cmd: python featurize.py phrases-train.csv phrases-train-feats.csv
    deps:
    - path: featurize.py
      md5: 137f91808ef4c8512014c55e6c4902b7
      size: 1362
    - path: phrases-train.csv
      md5: ac62f21622dc24eec3618217454f55e4
      size: 6367
    params:
      params.yaml:
        featurize.min_split: 17
        featurize.random_state: 17441692
        featurize.sample: 0.91903
        featurize.split: 0.1706
        featurize.tags: 87
        featurize.trees: 14
    outs:
    - path: phrases-train-feats.csv
      md5: ecf404e6f3a6414f5e042059c079de51
      size: 280
  train:
    cmd: python train.py phrases-train-feats.csv model.json
    deps:
    - path: phrases-train-feats.csv
      md5: ecf404e6f3a6414f5e042059c079de51
      size: 280
    - path: train.py
      md5: 29f0cd54a0e8e075f3a4401dac49e815
      size: 1850
    params:
      params.yaml:
        concurrent.dense: 465
        concurrent.estimators: 142
        concurrent.seed: 966664176
        concurrent.trees: 48
        model.dense: 392
        model.max_features: 600
        model.num_est: 88
        model.random_state: 771416303
        preprocessing.dense: 402
        preprocessing.epochs: 58
        preprocessing.folds: 13
        preprocessing.max_depth: 21
        preprocessing.max_features: 3296
        preprocessing.random_state: 286295522
        preprocessing.split: 0.45484
        variables.min_features: 1826
        variables.min_split: 72
        variables.tags: 24
        variables.trees: 62
    outs:
    - path: model.json
      md5: f7e1888a5abc3f44bea8fcb5bad2555d
      size: 1049
  evaluate:
    cmd: python evaluate.py model.json phrases-test.csv
    deps:
    - path: evaluate.py
      md5: 3a453de105c48c21d118897c6bec69ee
      size: 41888
    - path: model.json
      md5: f7e1888a5abc3f44bea8fcb5bad2555d
      size: 1049
    - path: phrases-test.csv
      md5: 84d2b2bdbd138879e4dd65f5109b8a78
      size: 1630
    outs:
    - path: metrics.json
      md5: a118c21a9f3583de1e0a166889ba74ef
      size: 353
