schema: '2.0'
stages:
  split:
    cmd: python split.py phrases.csv phrases-train.csv phrases-test.csv
    deps:
    - path: phrases.csv
      md5: e8be680a727588a6411e61475bb80ee1
      size: 2948
    - path: split.py
      md5: 0f14e81e915068c6a28134833112408a
      size: 717
    outs:
    - path: phrases-test.csv
      md5: 2678413afef033bc32620e4cfaaa8b43
      size: 792
    - path: phrases-train.csv
      md5: 34964c0e2d4d5018868fc8a6f5ee02bc
      size: 2156
  featurize:
    cmd: python featurize.py phrases-train.csv phrases-train-feats.csv
    deps:
    - path: featurize.py
      md5: 3ff3ece2f1090e140ca31a5be31cf433
      size: 1360
    - path: phrases-train.csv
      md5: 34964c0e2d4d5018868fc8a6f5ee02bc
      size: 2156
    params:
      params.yaml:
        featurize.min_split: 14
        featurize.random_state: 22159211
        featurize.sample: 0.65917
        featurize.split: 0.17286
        featurize.tags: 116
        featurize.trees: 16
    outs:
    - path: phrases-train-feats.csv
      md5: a289feb2040551e9a00787c6f085b056
      size: 283
  train:
    cmd: python train.py phrases-train-feats.csv model.json
    deps:
    - path: phrases-train-feats.csv
      md5: a289feb2040551e9a00787c6f085b056
      size: 283
    - path: train.py
      md5: edf625cbcf438504dc126f1ca120ed3b
      size: 1841
    params:
      params.yaml:
        concurrent.dense: 392
        concurrent.estimators: 144
        concurrent.seed: 702970938
        concurrent.trees: 54
        model.dense: 431
        model.max_features: 508
        model.num_est: 97
        model.random_state: 723175047
        preprocessing.dense: 436
        preprocessing.epochs: 68
        preprocessing.folds: 14
        preprocessing.max_depth: 24
        preprocessing.max_features: 3595
        preprocessing.random_state: 306382453
        preprocessing.split: 0.5281
        variables.min_features: 1756
        variables.min_split: 53
        variables.tags: 21
        variables.trees: 83
    outs:
    - path: model.json
      md5: 9eae53026ba29ec637d1eaa469800956
      size: 1051
  evaluate:
    cmd: python evaluate.py model.json phrases-test.csv
    deps:
    - path: evaluate.py
      md5: 2389103bb986dde3b1f6be3e1f2f4e11
      size: 41884
    - path: model.json
      md5: 9eae53026ba29ec637d1eaa469800956
      size: 1051
    - path: phrases-test.csv
      md5: 2678413afef033bc32620e4cfaaa8b43
      size: 792
    outs:
    - path: metrics.json
      md5: a8331f88b55daac68b09ce82d85cbd20
      size: 352
