schema: '2.0'
stages:
  split:
    cmd: python split.py users.csv users-train.csv users-test.csv
    deps:
    - path: split.py
      md5: 8a5380507ba99236a91e0dca34601c36
      size: 723
    - path: users.csv
      md5: f2c68e67c1953716dc784fb7bcf2eded
      size: 4675
    outs:
    - path: users-test.csv
      md5: 81fbe5ae36793f16fb75a8da55a3cd44
      size: 1026
    - path: users-train.csv
      md5: 4e99d6a2811081d6fa13b494cbd03376
      size: 3649
  featurize:
    cmd: python featurize.py users-train.csv users-train-feats.csv
    deps:
    - path: featurize.py
      md5: b5a4957d824f737039349600fb8039cc
      size: 703
    - path: users-train.csv
      md5: 4e99d6a2811081d6fa13b494cbd03376
      size: 3649
    outs:
    - path: users-train-feats.csv
      md5: 246628174461e547e6649983ec66de04
      size: 47
  train:
    cmd: python train.py users-train-feats.csv model.json
    deps:
    - path: train.py
      md5: 1bd0d2f0fbf9db412924db5f64673a6e
      size: 2243
    - path: users-train-feats.csv
      md5: 246628174461e547e6649983ec66de04
      size: 47
    params:
      params.yaml:
        concurrent.dense: 739
        concurrent.features: 1926
        concurrent.layers: 5
        concurrent.max_depth: 20
        concurrent.num_est: 114
        concurrent.threads: 17
        concurrent.trees: 61
        model.batch_size: 1083
        model.min_features: 2430
        model.seed: 47301599
        preprocessing.drop: 0.19105
        preprocessing.max_features: 342
        preprocessing.ngrams: 1
        preprocessing.num_est: 95
        preprocessing.passes: 2
        preprocessing.seed: 280306941
        preprocessing.split: 0.24729
        preprocessing.trees: 87
        preprocessing.weight_factor: 0.15099
        settings.batch_size: 663
        settings.features: 1327
        settings.layers: 5
        settings.min_split: 93
        settings.split: 0.07572
        variables.batch_size: 805
        variables.features: 2118
        variables.learning_rate: 0.0876
        variables.min_features: 2563
        variables.split: 0.31392
    outs:
    - path: model.json
      md5: a55481f1eb8e6bd66f9fce07027551fc
      size: 1221
  evaluate:
    cmd: python evaluate.py model.json users-test.csv
    deps:
    - path: evaluate.py
      md5: 643d18e5ab0d07335d5488b23ab4b255
      size: 41941
    - path: model.json
      md5: a55481f1eb8e6bd66f9fce07027551fc
      size: 1221
    - path: users-test.csv
      md5: 81fbe5ae36793f16fb75a8da55a3cd44
      size: 1026
    outs:
    - path: metrics.json
      md5: fbfd5ce8fb27508ae398f107fd503287
      size: 452
