schema: '2.0'
stages:
  split:
    cmd: python split.py users.csv users-train.csv users-test.csv
    deps:
    - path: split.py
      md5: ad1e92f447f106739bcf7d4e20132b1c
      size: 721
    - path: users.csv
      md5: 80e65ef72d01a78865d3caf53e2b4750
      size: 3665
    outs:
    - path: users-test.csv
      md5: aa64e56b8d423e64d80767e296d43ac8
      size: 874
    - path: users-train.csv
      md5: 9443cc9c77a873c4a4b8acf69866a21e
      size: 2791
  featurize:
    cmd: python featurize.py users-train.csv users-train-feats.csv
    deps:
    - path: featurize.py
      md5: 18c3559d68d8b707925ef8476c7af7ab
      size: 701
    - path: users-train.csv
      md5: 9443cc9c77a873c4a4b8acf69866a21e
      size: 2791
    outs:
    - path: users-train-feats.csv
      md5: 7a799c309f4aedfb92ca2335866d2437
      size: 47
  train:
    cmd: python train.py users-train-feats.csv model.json
    deps:
    - path: train.py
      md5: 81337fe835235c0f113595f6a0c53101
      size: 2241
    - path: users-train-feats.csv
      md5: 7a799c309f4aedfb92ca2335866d2437
      size: 47
    params:
      params.yaml:
        concurrent.dense: 590
        concurrent.features: 1926
        concurrent.layers: 6
        concurrent.max_depth: 24
        concurrent.num_est: 107
        concurrent.threads: 17
        concurrent.trees: 61
        model.batch_size: 921
        model.min_features: 2430
        model.seed: 43820241
        preprocessing.drop: 0.24578
        preprocessing.max_features: 410
        preprocessing.ngrams: 1
        preprocessing.num_est: 118
        preprocessing.passes: 1
        preprocessing.seed: 269128075
        preprocessing.split: 0.3
        preprocessing.trees: 93
        preprocessing.weight_factor: 0.15099
        settings.batch_size: 663
        settings.features: 1327
        settings.layers: 4
        settings.min_split: 93
        settings.split: 0.09589
        variables.batch_size: 805
        variables.features: 1944
        variables.learning_rate: 0.0876
        variables.min_features: 2563
        variables.split: 0.35653
    outs:
    - path: model.json
      md5: e798aaa0b2b102e3a31d99dd4e13cf23
      size: 1217
  evaluate:
    cmd: python evaluate.py model.json users-test.csv
    deps:
    - path: evaluate.py
      md5: cfd47cb4f1881a270f0caef63cc6807f
      size: 41939
    - path: model.json
      md5: e798aaa0b2b102e3a31d99dd4e13cf23
      size: 1217
    - path: users-test.csv
      md5: aa64e56b8d423e64d80767e296d43ac8
      size: 874
    outs:
    - path: metrics.json
      md5: 29eacf12019813f29093468a4362e9a8
      size: 454
