schema: '2.0'
stages:
  split:
    cmd: python split.py users.csv users-train.csv users-test.csv
    deps:
    - path: split.py
      md5: ac802d5dd208d9344359a898eb61256b
      size: 728
    - path: users.csv
      md5: 4f453a6b0ad35647df7a9c379e33aa47
      size: 7620
    outs:
    - path: users-test.csv
      md5: e8e8a465b78ef0664134a1cfcf778935
      size: 1494
    - path: users-train.csv
      md5: 5b0ab9dac4bb369af5ac85186e3da112
      size: 6126
  featurize:
    cmd: python featurize.py users-train.csv users-train-feats.csv
    deps:
    - path: featurize.py
      md5: 04cbe50874e2c5ef081b462ab647aaf4
      size: 704
    - path: users-train.csv
      md5: 5b0ab9dac4bb369af5ac85186e3da112
      size: 6126
    outs:
    - path: users-train-feats.csv
      md5: d165c42435a3b2cef3f1eb0f3d7685bc
      size: 47
  train:
    cmd: python train.py users-train-feats.csv model.json
    deps:
    - path: train.py
      md5: 3ed367b237766e7dffdb400816f37313
      size: 2244
    - path: users-train-feats.csv
      md5: d165c42435a3b2cef3f1eb0f3d7685bc
      size: 47
    params:
      params.yaml:
        concurrent.dense: 739
        concurrent.features: 2275
        concurrent.layers: 4
        concurrent.max_depth: 18
        concurrent.num_est: 121
        concurrent.threads: 15
        concurrent.trees: 73
        model.batch_size: 1083
        model.min_features: 3583
        model.seed: 50054803
        preprocessing.drop: 0.19105
        preprocessing.max_features: 289
        preprocessing.ngrams: 1
        preprocessing.num_est: 90
        preprocessing.passes: 1
        preprocessing.seed: 280306941
        preprocessing.split: 0.26817
        preprocessing.trees: 88
        preprocessing.weight_factor: 0.21503
        settings.batch_size: 874
        settings.features: 1439
        settings.layers: 6
        settings.min_split: 65
        settings.split: 0.075
        variables.batch_size: 517
        variables.features: 2257
        variables.learning_rate: 0.07588
        variables.min_features: 1857
        variables.split: 0.39322
    outs:
    - path: model.json
      md5: 824ecab012f86d52eb543974ac694c0d
      size: 1220
  evaluate:
    cmd: python evaluate.py model.json users-test.csv
    deps:
    - path: evaluate.py
      md5: 964ac0dd52849f4076140ffff1d46b1f
      size: 41951
    - path: model.json
      md5: 824ecab012f86d52eb543974ac694c0d
      size: 1220
    - path: users-test.csv
      md5: e8e8a465b78ef0664134a1cfcf778935
      size: 1494
    outs:
    - path: metrics.json
      md5: bac29c2469607c27e6d139ab08d8fe53
      size: 462
