schema: '2.0'
stages:
  split:
    cmd: python split.py sentences.csv sentences-train.csv sentences-test.csv
    deps:
    - path: sentences.csv
      md5: 9575f2217b51d20657e85b6268d693aa
      size: 10033
    - path: split.py
      md5: 30349ce6bc0a35bb008659c942ab9079
      size: 722
    outs:
    - path: sentences-test.csv
      md5: ddf8846f4e149c70052f84beef3352b7
      size: 1895
    - path: sentences-train.csv
      md5: 1f8a55820372290914ea21dc8a92ac98
      size: 8138
  featurize:
    cmd: python featurize.py sentences-train.csv sentences-train-feats.csv
    deps:
    - path: featurize.py
      md5: 9b94329846edee588d59ca0de331c992
      size: 1303
    - path: sentences-train.csv
      md5: 1f8a55820372290914ea21dc8a92ac98
      size: 8138
    params:
      params.yaml:
        featurize.batch_size: 1225
        featurize.layers: 1
        featurize.random_state: 479583692
        featurize.weight_factor: 0.09853
    outs:
    - path: sentences-train-feats.csv
      md5: df0cf0ec506dc94472e0b311dd2c800f
      size: 219
  train:
    cmd: python train.py sentences-train-feats.csv model.json
    deps:
    - path: sentences-train-feats.csv
      md5: df0cf0ec506dc94472e0b311dd2c800f
      size: 219
    - path: train.py
      md5: 0b7cb68000de5624652c894fe27ad548
      size: 1805
    params:
      params.yaml:
        concurrent.columns: 11
        concurrent.dense: 518
        concurrent.estimators: 169
        concurrent.random_state: 206562972
        concurrent.split: 0.1075
        concurrent.tags: 108
        model.estimators: 176
        model.min_features: 3731
        model.num_est: 75
        model.trees: 11
        settings.columns: 70
        settings.epochs: 4
        settings.layers: 1
        settings.random_state: 794927742
        tagging.epochs: 22
        tagging.learning_rate: 0.09045
        tagging.sample: 0.76943
        tagging.split: 0.10786
        tagging.tags: 118
    outs:
    - path: model.json
      md5: 9d9a39bd552dd74fe1a556540c7bbf94
      size: 949
  evaluate:
    cmd: python evaluate.py model.json sentences-test.csv
    deps:
    - path: evaluate.py
      md5: 5479f9d4f7dd3bc10fafd7d59c5cce8f
      size: 41853
    - path: model.json
      md5: 9d9a39bd552dd74fe1a556540c7bbf94
      size: 949
    - path: sentences-test.csv
      md5: ddf8846f4e149c70052f84beef3352b7
      size: 1895
    outs:
    - path: metrics.json
      md5: 7ddbde0ce52c91b150073f5579752b40
      size: 418
