schema: '2.0'
stages:
  split:
    cmd: python split.py sentences.csv sentences-train.csv sentences-test.csv
    deps:
    - path: sentences.csv
      md5: 3452e22f183b90b969deacffa01124b9
      size: 12351
    - path: split.py
      md5: 5fc306578f3371d72a4d7424c75aedda
      size: 726
    outs:
    - path: sentences-test.csv
      md5: c82521da702f630edcb5d4d096361966
      size: 2268
    - path: sentences-train.csv
      md5: 8e9bf293495fbca1b9c485d5fadba8c2
      size: 10083
  featurize:
    cmd: python featurize.py sentences-train.csv sentences-train-feats.csv
    deps:
    - path: featurize.py
      md5: 1dea9e0cf8ce95cb96ba8c3fb691d718
      size: 1307
    - path: sentences-train.csv
      md5: 8e9bf293495fbca1b9c485d5fadba8c2
      size: 10083
    params:
      params.yaml:
        featurize.batch_size: 1163
        featurize.layers: 1
        featurize.random_state: 573254976
        featurize.weight_factor: 0.08261
    outs:
    - path: sentences-train-feats.csv
      md5: d6771d90bb3c8fecc27a60aa9cca3fe3
      size: 220
  train:
    cmd: python train.py sentences-train-feats.csv model.json
    deps:
    - path: sentences-train-feats.csv
      md5: d6771d90bb3c8fecc27a60aa9cca3fe3
      size: 220
    - path: train.py
      md5: 988755b077a866e2713e181294627ad5
      size: 1813
    params:
      params.yaml:
        concurrent.columns: 11
        concurrent.dense: 412
        concurrent.estimators: 221
        concurrent.random_state: 195233372
        concurrent.split: 0.09286
        concurrent.tags: 123
        model.estimators: 176
        model.min_features: 3349
        model.num_est: 116
        model.trees: 11
        settings.columns: 69
        settings.epochs: 4
        settings.layers: 2
        settings.random_state: 794927742
        tagging.epochs: 20
        tagging.learning_rate: 0.11037
        tagging.sample: 0.80045
        tagging.split: 0.11513
        tagging.tags: 116
    outs:
    - path: model.json
      md5: 37190d0bfddce29ee904d073d5aa0c24
      size: 952
  evaluate:
    cmd: python evaluate.py model.json sentences-test.csv
    deps:
    - path: evaluate.py
      md5: a28162321e617add262f4a2b4e6aaf48
      size: 41859
    - path: model.json
      md5: 37190d0bfddce29ee904d073d5aa0c24
      size: 952
    - path: sentences-test.csv
      md5: c82521da702f630edcb5d4d096361966
      size: 2268
    outs:
    - path: metrics.json
      md5: 342e1ec924f38ad0e40aca0603544a3b
      size: 367
