schema: '2.0'
stages:
  split:
    cmd: python split.py phrases.csv phrases-train.csv phrases-test.csv
    deps:
    - path: phrases.csv
      md5: 2c8eef2ddac7da35dffcae6859338e32
      size: 2427
    - path: split.py
      md5: b3a178d35c7926190fb8bdce5b7681d5
      size: 713
    outs:
    - path: phrases-test.csv
      md5: a34f58f8a2a204150b3a00dbd5422c22
      size: 740
    - path: phrases-train.csv
      md5: 6e810911ec02dfce13a0d5cd8020f706
      size: 1687
  featurize:
    cmd: python featurize.py phrases-train.csv phrases-train-feats.csv
    deps:
    - path: featurize.py
      md5: 12cb9168de98ab2a3c4085396fd3dd76
      size: 700
    - path: phrases-train.csv
      md5: 6e810911ec02dfce13a0d5cd8020f706
      size: 1687
    outs:
    - path: phrases-train-feats.csv
      md5: bfc6ec4d661acc2e1d7bbfbcf2b9ed65
      size: 47
  train:
    cmd: python train.py phrases-train-feats.csv model.json
    deps:
    - path: phrases-train-feats.csv
      md5: bfc6ec4d661acc2e1d7bbfbcf2b9ed65
      size: 47
    - path: train.py
      md5: 784f3d73957beea1b21085830918583e
      size: 1808
    params:
      params.yaml:
        concurrent.drop: 0.09869
        concurrent.min_features: 1450
        concurrent.ngrams: 6
        concurrent.split: 0.2
        concurrent.tags: 60
        preprocessing.layers: 3
        preprocessing.max_features: 580
        preprocessing.min_features: 119
        preprocessing.min_split: 64
        preprocessing.num_est: 75
        tagging.epochs: 37
        tagging.min_features: 800
        tagging.min_split: 43
        tagging.threads: 27
        validation.batch_size: 556
        validation.split: 0.28618
        variables.random_state: 610142014
        variables.threads: 6
    outs:
    - path: model.json
      md5: 00c0f42dc15eff8645da2c8adac51fa4
      size: 774
  evaluate:
    cmd: python evaluate.py model.json phrases-test.csv
    deps:
    - path: evaluate.py
      md5: f860dcc9cb86b60ee44d2ad2aac7066d
      size: 41782
    - path: model.json
      md5: 00c0f42dc15eff8645da2c8adac51fa4
      size: 774
    - path: phrases-test.csv
      md5: a34f58f8a2a204150b3a00dbd5422c22
      size: 740
    outs:
    - path: metrics.json
      md5: 8f22fb03bacdcaa045365e452ce8cb24
      size: 320
