schema: '2.0'
stages:
  split:
    cmd: python split.py phrases.csv phrases-train.csv phrases-test.csv
    deps:
    - path: phrases.csv
      md5: 261464b100d38a54ae91d8822a9f05b2
      size: 8707
    - path: split.py
      md5: c6c1aac038df7c8b3b8e337ab1996336
      size: 732
    outs:
    - path: phrases-test.csv
      md5: 540f7758913e10725e26d44d3a89e266
      size: 1752
    - path: phrases-train.csv
      md5: 1e58ed49bf5e5d6f841ddc69040ee2fc
      size: 6955
  featurize:
    cmd: python featurize.py phrases-train.csv phrases-train-feats.csv
    deps:
    - path: featurize.py
      md5: bf7d5e088026108165833a751b699b90
      size: 719
    - path: phrases-train.csv
      md5: 1e58ed49bf5e5d6f841ddc69040ee2fc
      size: 6955
    outs:
    - path: phrases-train-feats.csv
      md5: 0790f50a59b26161ec8bccb22ca15b45
      size: 47
  train:
    cmd: python train.py phrases-train-feats.csv model.json
    deps:
    - path: phrases-train-feats.csv
      md5: 0790f50a59b26161ec8bccb22ca15b45
      size: 47
    - path: train.py
      md5: 373f49cda5f23d3762e252e2854084b6
      size: 1817
    params:
      params.yaml:
        concurrent.drop: 0.0825
        concurrent.min_features: 1519
        concurrent.ngrams: 6
        concurrent.split: 0.21945
        concurrent.tags: 39
        preprocessing.layers: 3
        preprocessing.max_features: 643
        preprocessing.min_features: 85
        preprocessing.min_split: 71
        preprocessing.num_est: 63
        tagging.epochs: 40
        tagging.min_features: 842
        tagging.min_split: 40
        tagging.threads: 36
        validation.batch_size: 663
        validation.split: 0.32078
        variables.random_state: 846343900
        variables.threads: 6
    outs:
    - path: model.json
      md5: ea45c58353d2ecb4e4211135b683163a
      size: 776
  evaluate:
    cmd: python evaluate.py model.json phrases-test.csv
    deps:
    - path: evaluate.py
      md5: 2a9d7f2640764f33a3a206b73e3baa70
      size: 41798
    - path: model.json
      md5: ea45c58353d2ecb4e4211135b683163a
      size: 776
    - path: phrases-test.csv
      md5: 540f7758913e10725e26d44d3a89e266
      size: 1752
    outs:
    - path: metrics.json
      md5: 71c9538cb697d3b88ce100e9877112da
      size: 333
