schema: '2.0'
stages:
  split:
    cmd: python split.py phrases.csv phrases-train.csv phrases-test.csv
    deps:
    - path: phrases.csv
      md5: 717c66ed5d49e6b08acfeadc4ed8fa72
      size: 7824
    - path: split.py
      md5: 70ecfb6a6bd78403e55e738723cb6443
      size: 730
    outs:
    - path: phrases-test.csv
      md5: 2663e57141d980d3d893e908e6110eff
      size: 1563
    - path: phrases-train.csv
      md5: b634fd489aa41f9d2ac4d7e02cc93c00
      size: 6261
  featurize:
    cmd: python featurize.py phrases-train.csv phrases-train-feats.csv
    deps:
    - path: featurize.py
      md5: 63d62b0e4c097ed8691fdbca12368038
      size: 718
    - path: phrases-train.csv
      md5: b634fd489aa41f9d2ac4d7e02cc93c00
      size: 6261
    outs:
    - path: phrases-train-feats.csv
      md5: 90d56472fcad396ee10cc5bf53a151e6
      size: 47
  train:
    cmd: python train.py phrases-train-feats.csv model.json
    deps:
    - path: phrases-train-feats.csv
      md5: 90d56472fcad396ee10cc5bf53a151e6
      size: 47
    - path: train.py
      md5: b73e6c2b3e956995f3b619cab9c04ed0
      size: 1815
    params:
      params.yaml:
        concurrent.drop: 0.0825
        concurrent.min_features: 1476
        concurrent.ngrams: 6
        concurrent.split: 0.21945
        concurrent.tags: 39
        preprocessing.layers: 3
        preprocessing.max_features: 562
        preprocessing.min_features: 121
        preprocessing.min_split: 55
        preprocessing.num_est: 87
        tagging.epochs: 40
        tagging.min_features: 687
        tagging.min_split: 40
        tagging.threads: 28
        validation.batch_size: 663
        validation.split: 0.30784
        variables.random_state: 846343900
        variables.threads: 6
    outs:
    - path: model.json
      md5: 4dace7b2443bda72d1ef542c3239f72f
      size: 777
  evaluate:
    cmd: python evaluate.py model.json phrases-test.csv
    deps:
    - path: evaluate.py
      md5: 21b8cd673d9140ac3f3c9e8526f17e02
      size: 41795
    - path: model.json
      md5: 4dace7b2443bda72d1ef542c3239f72f
      size: 777
    - path: phrases-test.csv
      md5: 2663e57141d980d3d893e908e6110eff
      size: 1563
    outs:
    - path: metrics.json
      md5: 615ff10646eb2a8046a233bc7a60c2e8
      size: 334
