schema: '2.0'
stages:
  split:
    cmd: python split.py documents.csv documents-train.csv documents-test.csv
    deps:
    - path: documents.csv
      md5: 1121d1e109b4aefa910d013fba06eb8f
      size: 3075
    - path: split.py
      md5: 415b31da2ec45670d3cb4998ae575aed
      size: 715
    outs:
    - path: documents-test.csv
      md5: 48552fe50f173372d23b76bf97892e50
      size: 792
    - path: documents-train.csv
      md5: 1f83f36eb51861a13961859d4a9df8f1
      size: 2283
  featurize:
    cmd: python featurize.py documents-train.csv documents-train-feats.csv
    deps:
    - path: documents-train.csv
      md5: 1f83f36eb51861a13961859d4a9df8f1
      size: 2283
    - path: featurize.py
      md5: 2d6553b5a2c9d270c18d2321c4198893
      size: 699
    outs:
    - path: documents-train-feats.csv
      md5: 74e35dad9005b8eae93dc51374cf9569
      size: 45
  train:
    cmd: python train.py documents-train-feats.csv model.json
    deps:
    - path: documents-train-feats.csv
      md5: 74e35dad9005b8eae93dc51374cf9569
      size: 45
    - path: train.py
      md5: 66aca3a6847582c9e86b210b06ffcb27
      size: 1720
    params:
      params.yaml:
        concurrent.estimators: 130
        concurrent.features: 3350
        concurrent.ngrams: 4
        concurrent.passes: 1
        concurrent.weight_factor: 0.17283
        model.split: 0.48411
        settings.estimators: 50
        settings.split: 0.08574
        tagging.epochs: 23
        tagging.estimators: 178
        tagging.folds: 14
        tagging.seed: 451228327
        tagging.trees: 73
        train.batch_size: 766
        train.epochs: 44
        train.estimators: 52
        train.weight_factor: 0.24879
    outs:
    - path: model.json
      md5: 53d1052282b512a643690cd11c82c5c0
      size: 692
  evaluate:
    cmd: python evaluate.py model.json documents-test.csv
    deps:
    - path: documents-test.csv
      md5: 48552fe50f173372d23b76bf97892e50
      size: 792
    - path: evaluate.py
      md5: fbd4964701d73862a2033e87ff0d0fef
      size: 41948
    - path: model.json
      md5: 53d1052282b512a643690cd11c82c5c0
      size: 692
    outs:
    - path: metrics.json
      md5: a37370469f0c65b87c77118c9c3f9988
      size: 450
