schema: '2.0'
stages:
  split:
    cmd: python split.py documents.csv documents-train.csv documents-test.csv
    deps:
    - path: documents.csv
      md5: 8fce9013b7cf687e9f053f25161590e6
      size: 3459
    - path: split.py
      md5: da4217200305a1f45e2f5a2eb3e6a6c3
      size: 720
    outs:
    - path: documents-test.csv
      md5: 104e28e7b518fc931e22ad5a932b9aba
      size: 828
    - path: documents-train.csv
      md5: f69349f990efbda2b3d6df7b9ae50655
      size: 2631
  featurize:
    cmd: python featurize.py documents-train.csv documents-train-feats.csv
    deps:
    - path: documents-train.csv
      md5: f69349f990efbda2b3d6df7b9ae50655
      size: 2631
    - path: featurize.py
      md5: 3ab7e7fdbaa6218885e524283453e35c
      size: 700
    outs:
    - path: documents-train-feats.csv
      md5: 9e96da367d638afe220d414a24251b55
      size: 47
  train:
    cmd: python train.py documents-train-feats.csv model.json
    deps:
    - path: documents-train-feats.csv
      md5: 9e96da367d638afe220d414a24251b55
      size: 47
    - path: train.py
      md5: 008f0a4b4b59afbc359773c49ae98f9a
      size: 1720
    params:
      params.yaml:
        concurrent.estimators: 127
        concurrent.features: 2684
        concurrent.ngrams: 4
        concurrent.passes: 1
        concurrent.weight_factor: 0.22749
        model.split: 0.62394
        settings.estimators: 50
        settings.split: 0.08028
        tagging.epochs: 26
        tagging.estimators: 166
        tagging.folds: 11
        tagging.seed: 453219048
        tagging.trees: 78
        train.batch_size: 766
        train.epochs: 44
        train.estimators: 64
        train.weight_factor: 0.24879
    outs:
    - path: model.json
      md5: 4280aa205679d9fadaf262694dbcda8d
      size: 694
  evaluate:
    cmd: python evaluate.py model.json documents-test.csv
    deps:
    - path: documents-test.csv
      md5: 104e28e7b518fc931e22ad5a932b9aba
      size: 828
    - path: evaluate.py
      md5: 979432db9288b87070b4cdc527f692d5
      size: 41949
    - path: model.json
      md5: 4280aa205679d9fadaf262694dbcda8d
      size: 694
    outs:
    - path: metrics.json
      md5: 19a20cc0e63f52847765feeb6e8a41d7
      size: 460
