schema: '2.0'
stages:
  split:
    cmd: python split.py sentences.csv sentences-train.csv sentences-test.csv
    deps:
    - path: sentences.csv
      md5: 779e4617bf5ec70c926c04efdde6de37
      size: 2536
    - path: split.py
      md5: 1d9da330ea2f1cda522ad55b3cdcfe06
      size: 1283
    params:
      params.yaml:
        prepare.dense: 355
        prepare.min_split: 65
        prepare.num_est: 202
        prepare.passes: 18
    outs:
    - path: sentences-test.csv
      md5: b9649742c42da45835185c7ce4a815b1
      size: 697
    - path: sentences-train.csv
      md5: 167248b366971515eda4706ce87dd2fd
      size: 1839
  featurize:
    cmd: python featurize.py sentences-train.csv sentences-train-feats.csv
    deps:
    - path: featurize.py
      md5: 43a6da7c0996170eb71150798f22251f
      size: 703
    - path: sentences-train.csv
      md5: 167248b366971515eda4706ce87dd2fd
      size: 1839
    outs:
    - path: sentences-train-feats.csv
      md5: 94b7a43db6250e54aa1e5e2a2f01bc5e
      size: 47
  train:
    cmd: python train.py sentences-train-feats.csv model.json
    deps:
    - path: sentences-train-feats.csv
      md5: 94b7a43db6250e54aa1e5e2a2f01bc5e
      size: 47
    - path: train.py
      md5: a30ab898226faa67300d628e9fcb5b42
      size: 2105
    params:
      params.yaml:
        model.folds: 5
        model.max_depth: 32
        model.max_features: 1052
        model.ngrams: 2
        model.num_est: 112
        model.passes: 6
        model.random_state: 583000000
        model.split: 0.1
        model.threads: 21
        train.columns: 15
        train.estimators: 50
        train.max_features: 1600
        train.min_features: 4000
        train.min_split: 64
        train.threads: 2
        validation.features: 1190
        validation.learning_rate: 0.04
        validation.min_split: 64
        validation.ngrams: 6
        validation.seed: 71182000
        validation.weight_factor: 0.3
        variables.columns: 18
        variables.features: 5010
        variables.min_split: 83
        variables.num_est: 69
        variables.sample: 0.75
        variables.weight_factor: 0.2
    outs:
    - path: model.json
      md5: 80f64958d51bebe1812d7a377bba12be
      size: 1060
  evaluate:
    cmd: python evaluate.py model.json sentences-test.csv
    deps:
    - path: evaluate.py
      md5: deffd2221eff34d96d6e8e9fea14765c
      size: 42013
    - path: model.json
      md5: 80f64958d51bebe1812d7a377bba12be
      size: 1060
    - path: sentences-test.csv
      md5: b9649742c42da45835185c7ce4a815b1
      size: 697
    outs:
    - path: metrics.json
      md5: 42fed51844ef2dbaca7911ac705772b1
      size: 411
