schema: '2.0'
stages:
  split:
    cmd: python split.py sentences.csv sentences-train.csv sentences-test.csv
    deps:
    - path: sentences.csv
      md5: 58d4225aa761fcc5c5355c9d30aeda5e
      size: 7844
    - path: split.py
      md5: a39805d7d5ef238bafbd3ffe6b51a9cf
      size: 1293
    params:
      params.yaml:
        prepare.dense: 275
        prepare.min_split: 49
        prepare.num_est: 287
        prepare.passes: 12
    outs:
    - path: sentences-test.csv
      md5: 36a1188a22525017a27f3bd86f99e672
      size: 1514
    - path: sentences-train.csv
      md5: 5cef0cf5a6022b5a6a1dbc4307fbee22
      size: 6330
  featurize:
    cmd: python featurize.py sentences-train.csv sentences-train-feats.csv
    deps:
    - path: featurize.py
      md5: 8377f0c1664179c1e2e4fef7584e5a0d
      size: 714
    - path: sentences-train.csv
      md5: 5cef0cf5a6022b5a6a1dbc4307fbee22
      size: 6330
    outs:
    - path: sentences-train-feats.csv
      md5: 18cbeb3d5c2fccc9980c6846c728e50d
      size: 47
  train:
    cmd: python train.py sentences-train-feats.csv model.json
    deps:
    - path: sentences-train-feats.csv
      md5: 18cbeb3d5c2fccc9980c6846c728e50d
      size: 47
    - path: train.py
      md5: d7132e528b485693a10a72efd9f5af60
      size: 2121
    params:
      params.yaml:
        model.folds: 5
        model.max_depth: 29
        model.max_features: 1204
        model.ngrams: 2
        model.num_est: 96
        model.passes: 6
        model.random_state: 493655995
        model.split: 0.08844
        model.threads: 24
        train.columns: 13
        train.estimators: 32
        train.max_features: 1252
        train.min_features: 3103
        train.min_split: 57
        train.threads: 2
        validation.features: 1179
        validation.learning_rate: 0.04415
        validation.min_split: 48
        validation.ngrams: 4
        validation.seed: 70817687
        validation.weight_factor: 0.28561
        variables.columns: 15
        variables.features: 4194
        variables.min_split: 76
        variables.num_est: 58
        variables.sample: 0.67622
        variables.weight_factor: 0.22878
    outs:
    - path: model.json
      md5: fea54367820b4f82df13a2b7b84eb52e
      size: 1077
  evaluate:
    cmd: python evaluate.py model.json sentences-test.csv
    deps:
    - path: evaluate.py
      md5: e75872bbbbfd0aef2c7705ca328a5bcc
      size: 42029
    - path: model.json
      md5: fea54367820b4f82df13a2b7b84eb52e
      size: 1077
    - path: sentences-test.csv
      md5: 36a1188a22525017a27f3bd86f99e672
      size: 1514
    outs:
    - path: metrics.json
      md5: 27bb916d1d6056480d415e3d12d8c36c
      size: 431
