schema: '2.0'
stages:
  split:
    cmd: python split.py sentences.csv sentences-train.csv sentences-test.csv
    deps:
    - path: sentences.csv
      md5: f69bc3fd226895b80303c556d77192bd
      size: 6129
    - path: split.py
      md5: 05c37b8e7536e1eac717bac815fe26a9
      size: 1289
    params:
      params.yaml:
        prepare.dense: 290
        prepare.min_split: 52
        prepare.num_est: 204
        prepare.passes: 13
    outs:
    - path: sentences-test.csv
      md5: 2d144ed44512217fd2328277be8b4820
      size: 1213
    - path: sentences-train.csv
      md5: 6cbdf8cdac8a689f22e82494eb76f7f9
      size: 4916
  featurize:
    cmd: python featurize.py sentences-train.csv sentences-train-feats.csv
    deps:
    - path: featurize.py
      md5: d0dca64a35f3ae04f24acc2b39644af2
      size: 706
    - path: sentences-train.csv
      md5: 6cbdf8cdac8a689f22e82494eb76f7f9
      size: 4916
    outs:
    - path: sentences-train-feats.csv
      md5: 6cfa22e115ec4f7f01b7230a77866d75
      size: 46
  train:
    cmd: python train.py sentences-train-feats.csv model.json
    deps:
    - path: sentences-train-feats.csv
      md5: 6cfa22e115ec4f7f01b7230a77866d75
      size: 46
    - path: train.py
      md5: fd156dd3fe1acd215193dd4160621066
      size: 2114
    params:
      params.yaml:
        model.folds: 5
        model.max_depth: 32
        model.max_features: 1478
        model.ngrams: 2
        model.num_est: 96
        model.passes: 7
        model.random_state: 714328618
        model.split: 0.1
        model.threads: 18
        train.columns: 16
        train.estimators: 32
        train.max_features: 1311
        train.min_features: 4211
        train.min_split: 78
        train.threads: 2
        validation.features: 1384
        validation.learning_rate: 0.04542
        validation.min_split: 55
        validation.ngrams: 4
        validation.seed: 70817687
        validation.weight_factor: 0.22699
        variables.columns: 15
        variables.features: 6090
        variables.min_split: 95
        variables.num_est: 69
        variables.sample: 0.877
        variables.weight_factor: 0.17419
    outs:
    - path: model.json
      md5: 0830ba8c51171bc22cb1ae1f788df8bc
      size: 1070
  evaluate:
    cmd: python evaluate.py model.json sentences-test.csv
    deps:
    - path: evaluate.py
      md5: c8da114bbc0d38b626cc2d4e6148d1d2
      size: 42023
    - path: model.json
      md5: 0830ba8c51171bc22cb1ae1f788df8bc
      size: 1070
    - path: sentences-test.csv
      md5: 2d144ed44512217fd2328277be8b4820
      size: 1213
    outs:
    - path: metrics.json
      md5: ad5715201a7ba973283414f1df644c35
      size: 426
