schema: '2.0'
stages:
  split:
    cmd: python split.py phrases.csv phrases-train.csv phrases-test.csv
    deps:
    - path: phrases.csv
      md5: a91da4094ab96214297807ed1a523460
      size: 13617
    - path: split.py
      md5: 0b01ff32a96cd39f58420ad43be11188
      size: 724
    outs:
    - path: phrases-test.csv
      md5: 4c0117d20ace4bbfc1b5aa847a90e7cd
      size: 2514
    - path: phrases-train.csv
      md5: 473e82b263501111197f0502517747c4
      size: 11103
  featurize:
    cmd: python featurize.py phrases-train.csv phrases-train-feats.csv
    deps:
    - path: featurize.py
      md5: b3224b62546cf3602343424c1edf2c01
      size: 1364
    - path: phrases-train.csv
      md5: 473e82b263501111197f0502517747c4
      size: 11103
    params:
      params.yaml:
        featurize.estimators: 143
        featurize.layers: 4
        featurize.ngrams: 4
        featurize.tags: 54
        featurize.threads: 33
        featurize.trees: 49
    outs:
    - path: phrases-train-feats.csv
      md5: 5dbdd5b8f1d56b1fe452014033174b9c
      size: 262
  train:
    cmd: python train.py phrases-train-feats.csv model.json
    deps:
    - path: phrases-train-feats.csv
      md5: 5dbdd5b8f1d56b1fe452014033174b9c
      size: 262
    - path: train.py
      md5: 01e9c9b2b5030b1973cd9e1206c2e393
      size: 1850
    params:
      params.yaml:
        concurrent.epochs: 64
        concurrent.features: 3000
        concurrent.layers: 4
        concurrent.trees: 57
        tagging.dense: 437
        tagging.epochs: 12
        tagging.max_depth: 3
        tagging.ngrams: 6
        tagging.sample: 0.19532
        tagging.weight_factor: 0.3237
        train.batch_size: 588
        train.features: 1841
        train.folds: 2
        train.layers: 2
        train.num_est: 194
        train.seed: 229488276
        train.tags: 59
        train.trees: 26
        variables.max_depth: 4
        variables.random_state: 42962714
        variables.split: 0.39011
    outs:
    - path: model.json
      md5: 2ac70e4839cc364c91331a972453831c
      size: 1030
  evaluate:
    cmd: python evaluate.py model.json phrases-test.csv
    deps:
    - path: evaluate.py
      md5: b453f16bf8d8aa8c593469c07bb1cb93
      size: 41955
    - path: model.json
      md5: 2ac70e4839cc364c91331a972453831c
      size: 1030
    - path: phrases-test.csv
      md5: 4c0117d20ace4bbfc1b5aa847a90e7cd
      size: 2514
    outs:
    - path: metrics.json
      md5: e60cd3ffad23706ac1cc4e0fc87f637e
      size: 388
