schema: '2.0'
stages:
  split:
    cmd: python split.py phrases.csv phrases-train.csv phrases-test.csv
    deps:
    - path: phrases.csv
      md5: 50152796f4834cbec15b1240526ef70c
      size: 6746
    - path: split.py
      md5: 9bbfbca1918f57eefd0475c2214347f9
      size: 717
    outs:
    - path: phrases-test.csv
      md5: 9be7a3450d620f21773e6401cd2790fc
      size: 1294
    - path: phrases-train.csv
      md5: a851d960d0ae97dea886a52a3f4d393b
      size: 5452
  featurize:
    cmd: python featurize.py phrases-train.csv phrases-train-feats.csv
    deps:
    - path: featurize.py
      md5: b0a8b3ff9d217f84763647cccf69ce2d
      size: 1357
    - path: phrases-train.csv
      md5: a851d960d0ae97dea886a52a3f4d393b
      size: 5452
    params:
      params.yaml:
        featurize.estimators: 135
        featurize.layers: 3
        featurize.ngrams: 5
        featurize.tags: 61
        featurize.threads: 30
        featurize.trees: 34
    outs:
    - path: phrases-train-feats.csv
      md5: 3c6e687634c3e61e8e9a0ed05cecbfa2
      size: 261
  train:
    cmd: python train.py phrases-train-feats.csv model.json
    deps:
    - path: phrases-train-feats.csv
      md5: 3c6e687634c3e61e8e9a0ed05cecbfa2
      size: 261
    - path: train.py
      md5: bfa362f2bf168b52baac8166d3fde193
      size: 1846
    params:
      params.yaml:
        concurrent.epochs: 60
        concurrent.features: 2905
        concurrent.layers: 5
        concurrent.trees: 50
        tagging.dense: 569
        tagging.epochs: 13
        tagging.max_depth: 4
        tagging.ngrams: 5
        tagging.sample: 0.2432
        tagging.weight_factor: 0.22642
        train.batch_size: 610
        train.features: 2583
        train.folds: 2
        train.layers: 2
        train.num_est: 171
        train.seed: 161542173
        train.tags: 63
        train.trees: 18
        variables.max_depth: 3
        variables.random_state: 49706848
        variables.split: 0.443
    outs:
    - path: model.json
      md5: 904db8d5964d08d30735c08cbb42d7f1
      size: 1026
  evaluate:
    cmd: python evaluate.py model.json phrases-test.csv
    deps:
    - path: evaluate.py
      md5: dbd785e539e7b75bb470aa07c8555230
      size: 41945
    - path: model.json
      md5: 904db8d5964d08d30735c08cbb42d7f1
      size: 1026
    - path: phrases-test.csv
      md5: 9be7a3450d620f21773e6401cd2790fc
      size: 1294
    outs:
    - path: metrics.json
      md5: ad10037513a2254051fc9544754b96db
      size: 447
