schema: '2.0'
stages:
  split:
    cmd: python split.py phrases.csv phrases-train.csv phrases-test.csv
    deps:
    - path: phrases.csv
      md5: a91da4094ab96214297807ed1a523460
      size: 13617
    - path: split.py
      md5: 0b01ff32a96cd39f58420ad43be11188
      size: 724
    outs:
    - path: phrases-test.csv
      md5: 4c0117d20ace4bbfc1b5aa847a90e7cd
      size: 2514
    - path: phrases-train.csv
      md5: 473e82b263501111197f0502517747c4
      size: 11103
  featurize:
    cmd: python featurize.py phrases-train.csv phrases-train-feats.csv
    deps:
    - path: featurize.py
      md5: 074d39e8f30411fe7272d201518ac1bc
      size: 1366
    - path: phrases-train.csv
      md5: 473e82b263501111197f0502517747c4
      size: 11103
    params:
      params.yaml:
        featurize.estimators: 91
        featurize.layers: 3
        featurize.ngrams: 5
        featurize.tags: 54
        featurize.threads: 33
        featurize.trees: 37
    outs:
    - path: phrases-train-feats.csv
      md5: b27596ad43e4ec837be34b73d0fe6f1a
      size: 262
  train:
    cmd: python train.py phrases-train-feats.csv model.json
    deps:
    - path: phrases-train-feats.csv
      md5: b27596ad43e4ec837be34b73d0fe6f1a
      size: 262
    - path: train.py
      md5: 3531c9eef287cb2c38855d30497ec960
      size: 1850
    params:
      params.yaml:
        concurrent.epochs: 64
        concurrent.features: 1972
        concurrent.layers: 4
        concurrent.trees: 57
        tagging.dense: 589
        tagging.epochs: 12
        tagging.max_depth: 3
        tagging.ngrams: 5
        tagging.sample: 0.28168
        tagging.weight_factor: 0.3237
        train.batch_size: 588
        train.features: 1890
        train.folds: 2
        train.layers: 2
        train.num_est: 156
        train.seed: 229488276
        train.tags: 47
        train.trees: 26
        variables.max_depth: 4
        variables.random_state: 40462918
        variables.split: 0.39011
    outs:
    - path: model.json
      md5: c49fcfd25050b23efa730c5b7f0d61c2
      size: 1030
  evaluate:
    cmd: python evaluate.py model.json phrases-test.csv
    deps:
    - path: evaluate.py
      md5: 6b474b3859883ee8c9243af04dc2c374
      size: 41957
    - path: model.json
      md5: c49fcfd25050b23efa730c5b7f0d61c2
      size: 1030
    - path: phrases-test.csv
      md5: 4c0117d20ace4bbfc1b5aa847a90e7cd
      size: 2514
    outs:
    - path: metrics.json
      md5: 5b3a3c8246c519d803e3dc5db41429b0
      size: 370
