schema: '2.0'
stages:
  split:
    cmd: python split.py images.csv images-train.csv images-test.csv
    deps:
    - path: images.csv
      md5: 5c9ed899387314fc9ff9a764c4b20691
      size: 11115
    - path: split.py
      md5: 0bb4efe229e455a2851f60ab38619fbc
      size: 722
    outs:
    - path: images-test.csv
      md5: 3ebe88fc35c6beffa872658adc8cc340
      size: 2236
    - path: images-train.csv
      md5: becfecba2ebdaabbd918e776b5873141
      size: 8879
  featurize:
    cmd: python featurize.py images-train.csv images-train-feats.csv
    deps:
    - path: featurize.py
      md5: 7a27660728b4200644232f5c3c0b4ae1
      size: 709
    - path: images-train.csv
      md5: becfecba2ebdaabbd918e776b5873141
      size: 8879
    outs:
    - path: images-train-feats.csv
      md5: 5b2b314e99692a1dc075f6f848b74dcd
      size: 47
  train:
    cmd: python train.py images-train-feats.csv model.json
    deps:
    - path: images-train-feats.csv
      md5: 5b2b314e99692a1dc075f6f848b74dcd
      size: 47
    - path: train.py
      md5: 8e69dfb48a5d736ff884f9d1845c7266
      size: 1931
    params:
      params.yaml:
        concurrent.columns: 44
        concurrent.features: 1382
        concurrent.ngrams: 4
        concurrent.random_state: 65020193
        concurrent.split: 0.2271
        model.columns: 33
        model.dense: 245
        model.estimators: 21
        model.min_split: 38
        model.passes: 124
        model.tags: 111
        settings.batch_size: 585
        settings.min_features: 1438
        settings.num_est: 74
        settings.passes: 60
        tagging.features: 3408
        tagging.learning_rate: 0.0573
        tagging.min_features: 4146
        validation.layers: 1
        validation.min_split: 46
        validation.num_est: 145
        validation.split: 0.39586
    outs:
    - path: model.json
      md5: 62e29f2d8da282288b77df2dfde86ff4
      size: 888
  evaluate:
    cmd: python evaluate.py model.json images-test.csv
    deps:
    - path: evaluate.py
      md5: bf263d50a5c03f9d8c498ace390be416
      size: 42009
    - path: images-test.csv
      md5: 3ebe88fc35c6beffa872658adc8cc340
      size: 2236
    - path: model.json
      md5: 62e29f2d8da282288b77df2dfde86ff4
      size: 888
    outs:
    - path: metrics.json
      md5: d7203b12217163534a368b724f6e4e7c
      size: 468
