schema: '2.0'
stages:
  split:
    cmd: python split.py images.csv images-train.csv images-test.csv
    deps:
    - path: images.csv
      md5: f2f5b99f253e55e57bafc23de9a62f4a
      size: 7735
    - path: split.py
      md5: 32c34646bf226fd4658ac0af2a7d17f2
      size: 720
    outs:
    - path: images-test.csv
      md5: 0d32e9985e34a9629cf9734bfd5d37a1
      size: 1537
    - path: images-train.csv
      md5: f7689af74865f8fb4ecb97b005eabbe4
      size: 6198
  featurize:
    cmd: python featurize.py images-train.csv images-train-feats.csv
    deps:
    - path: featurize.py
      md5: 9860536e215ce59bf06f7fa16b8b6dcc
      size: 706
    - path: images-train.csv
      md5: f7689af74865f8fb4ecb97b005eabbe4
      size: 6198
    outs:
    - path: images-train-feats.csv
      md5: 6bde6982bd5cab7908f56660c1c6e8a6
      size: 46
  train:
    cmd: python train.py images-train-feats.csv model.json
    deps:
    - path: images-train-feats.csv
      md5: 6bde6982bd5cab7908f56660c1c6e8a6
      size: 46
    - path: train.py
      md5: 34f4bc11b936e53ee089e3cdccaa8607
      size: 1929
    params:
      params.yaml:
        concurrent.columns: 44
        concurrent.features: 1503
        concurrent.ngrams: 5
        concurrent.random_state: 75378570
        concurrent.split: 0.20094
        model.columns: 27
        model.dense: 184
        model.estimators: 17
        model.min_split: 32
        model.passes: 131
        model.tags: 100
        settings.batch_size: 585
        settings.min_features: 1141
        settings.num_est: 71
        settings.passes: 80
        tagging.features: 4280
        tagging.learning_rate: 0.05705
        tagging.min_features: 4013
        validation.layers: 2
        validation.min_split: 59
        validation.num_est: 144
        validation.split: 0.39586
    outs:
    - path: model.json
      md5: 3cc722d6bfe374263d2aecd0165facce
      size: 889
  evaluate:
    cmd: python evaluate.py model.json images-test.csv
    deps:
    - path: evaluate.py
      md5: 46b5d6faa67df6a19580bf0603778354
      size: 42006
    - path: images-test.csv
      md5: 0d32e9985e34a9629cf9734bfd5d37a1
      size: 1537
    - path: model.json
      md5: 3cc722d6bfe374263d2aecd0165facce
      size: 889
    outs:
    - path: metrics.json
      md5: b0d070605115cab36077566d7246b61b
      size: 482
