schema: '2.0'
stages:
  split:
    cmd: python split.py images.csv images-train.csv images-test.csv
    deps:
    - path: images.csv
      md5: af588c4b8609ae55f943e494b67a400e
      size: 8771
    - path: split.py
      md5: 32c34646bf226fd4658ac0af2a7d17f2
      size: 720
    outs:
    - path: images-test.csv
      md5: a9bbcb98402545e05c0162e7310aaf6c
      size: 1764
    - path: images-train.csv
      md5: 362fc14ab0d8fb6e9c859a16ad41d599
      size: 7007
  featurize:
    cmd: python featurize.py images-train.csv images-train-feats.csv
    deps:
    - path: featurize.py
      md5: 6230d7f52514e7ef79c1d92b4c6ad500
      size: 706
    - path: images-train.csv
      md5: 362fc14ab0d8fb6e9c859a16ad41d599
      size: 7007
    outs:
    - path: images-train-feats.csv
      md5: 447a49409b353012ed5baa82da72fa38
      size: 47
  train:
    cmd: python train.py images-train-feats.csv model.json
    deps:
    - path: images-train-feats.csv
      md5: 447a49409b353012ed5baa82da72fa38
      size: 47
    - path: train.py
      md5: 986f5ffbc0e664ec4101d19ec6b7c3d2
      size: 1929
    params:
      params.yaml:
        concurrent.columns: 44
        concurrent.features: 1503
        concurrent.ngrams: 5
        concurrent.random_state: 75378570
        concurrent.split: 0.20094
        model.columns: 27
        model.dense: 233
        model.estimators: 25
        model.min_split: 24
        model.passes: 131
        model.tags: 100
        settings.batch_size: 585
        settings.min_features: 1195
        settings.num_est: 71
        settings.passes: 92
        tagging.features: 3935
        tagging.learning_rate: 0.05605
        tagging.min_features: 4013
        validation.layers: 2
        validation.min_split: 59
        validation.num_est: 144
        validation.split: 0.39586
    outs:
    - path: model.json
      md5: 33c1bf34472e1f3fa84b7c62f0fb9795
      size: 890
  evaluate:
    cmd: python evaluate.py model.json images-test.csv
    deps:
    - path: evaluate.py
      md5: 46b5d6faa67df6a19580bf0603778354
      size: 42006
    - path: images-test.csv
      md5: a9bbcb98402545e05c0162e7310aaf6c
      size: 1764
    - path: model.json
      md5: 33c1bf34472e1f3fa84b7c62f0fb9795
      size: 890
    outs:
    - path: metrics.json
      md5: e42d1259cf4b0feb4532999e806ee62f
      size: 482
